
Microsoft Visual Studio Solution File, Format Version 12.00
# Visual Studio Version 17
VisualStudioVersion = 17.5.33530.505
MinimumVisualStudioVersion = 10.0.40219.1
Project("{FAE04EC0-301F-11D3-BF4B-00C04F79EFBC}") = "Code_First_Apro", "Code_First_Apro\Code_First_Apro.csproj", "{D64C2B71-9719-4DA5-B97C-F6D0199CA2F5}"
EndProject
Project("{FAE04EC0-301F-11D3-BF4B-00C04F79EFBC}") = "DataAccess", "DataAccess\DataAccess.csproj", "{2D63BF96-8CFF-4A53-A362-E263C2F2A599}"
EndProject
Project("{FAE04EC0-301F-11D3-BF4B-00C04F79EFBC}") = "Models", "Models\Models.csproj", "{37420D1D-3B27-4892-A771-2E6B4B7B198B}"
EndProject
Global
	GlobalSection(SolutionConfigurationPlatforms) = preSolution
		Debug|Any CPU = Debug|Any CPU
		Release|Any CPU = Release|Any CPU
	EndGlobalSection
	GlobalSection(ProjectConfigurationPlatforms) = postSolution
		{D64C2B71-9719-4DA5-B97C-F6D0199CA2F5}.Debug|Any CPU.ActiveCfg = Debug|Any CPU
		{D64C2B71-9719-4DA5-B97C-F6D0199CA2F5}.Debug|Any CPU.Build.0 = Debug|Any CPU
		{D64C2B71-9719-4DA5-B97C-F6D0199CA2F5}.Release|Any CPU.ActiveCfg = Release|Any CPU
		{D64C2B71-9719-4DA5-B97C-F6D0199CA2F5}.Release|Any CPU.Build.0 = Release|Any CPU
		{2D63BF96-8CFF-4A53-A362-E263C2F2A599}.Debug|Any CPU.ActiveCfg = Debug|Any CPU
		{2D63BF96-8CFF-4A53-A362-E263C2F2A599}.Debug|Any CPU.Build.0 = Debug|Any CPU
		{2D63BF96-8CFF-4A53-A362-E263C2F2A599}.Release|Any CPU.ActiveCfg = Release|Any CPU
		{2D63BF96-8CFF-4A53-A362-E263C2F2A599}.Release|Any CPU.Build.0 = Release|Any CPU
		{37420D1D-3B27-4892-A771-2E6B4B7B198B}.Debug|Any CPU.ActiveCfg = Debug|Any CPU
		{37420D1D-3B27-4892-A771-2E6B4B7B198B}.Debug|Any CPU.Build.0 = Debug|Any CPU
		{37420D1D-3B27-4892-A771-2E6B4B7B198B}.Release|Any CPU.ActiveCfg = Release|Any CPU
		{37420D1D-3B27-4892-A771-2E6B4B7B198B}.Release|Any CPU.Build.0 = Release|Any CPU
	EndGlobalSection
	GlobalSection(SolutionProperties) = preSolution
		HideSolutionNode = FALSE
	EndGlobalSection
	GlobalSection(ExtensibilityGlobals) = postSolution
		SolutionGuid = {0725E3F4-DBC7-4315-9115-215F97E5C7C7}
	EndGlobalSection
EndGlobal
